lockfileVersion: '9.0'

settings:
  autoInstallPeers: true
  excludeLinksFromLockfile: false

importers:

  .:
    devDependencies:
      '@types/node':
        specifier: ^25.5.0
        version: 25.5.0
      oxc-parser:
        specifier: ^0.121.0
        version: 0.121.0(@emnapi/core@1.9.1)(@emnapi/runtime@1.9.1)
      oxfmt:
        specifier: ^0.42.0
        version: 0.42.0
      oxlint:
        specifier: ^1.57.0
        version: 1.57.0(oxlint-tsgolint@0.18.1)
      oxlint-tsgolint:
        specifier: ^0.18.1
        version: 0.18.1

packages:

  '@emnapi/core@1.9.1':
    resolution: {integrity: sha512-mukuNALVsoix/w1BJwFzwXBN/dHeejQtuVzcDsfOEsdpCumXb/E9j8w11h5S54tT1xhifGfbbSm/ICrObRb3KA==}

  '@emnapi/runtime@1.9.1':
    resolution: {integrity: sha512-VYi5+ZVLhpgK4hQ0TAjiQiZ6ol0oe4mBx7mVv7IflsiEp0OWoVsp/+f9Vc1hOhE0TtkORVrI1GvzyreqpgWtkA==}

  '@emnapi/wasi-threads@1.2.0':
    resolution: {integrity: sha512-N10dEJNSsUx41Z6pZsXU8FjPjpBEplgH24sfkmITrBED1/U2Esum9F3lfLrMjKHHjmi557zQn7kR9R+XWXu5Rg==}

  '@napi-rs/wasm-runtime@1.1.2':
    resolution: {integrity: sha512-sNXv5oLJ7ob93xkZ1XnxisYhGYXfaG9f65/ZgYuAu3qt7b3NadcOEhLvx28hv31PgX8SZJRYrAIPQilQmFpLVw==}
    peerDependencies:
      '@emnapi/core': ^1.7.1
      '@emnapi/runtime': ^1.7.1

  '@oxc-parser/binding-android-arm-eabi@0.121.0':
    resolution: {integrity: sha512-n07FQcySwOlzap424/PLMtOkbS7xOu8nsJduKL8P3COGHKgKoDYXwoAHCbChfgFpHnviehrLWIPX0lKGtbEk/A==}
    engines: {node: ^20.19.0 || >=22.12.0}
    cpu: [arm]
    os: [android]

  '@oxc-parser/binding-android-arm64@0.121.0':
    resolution: {integrity: sha512-/Dd1xIXboYAicw+twT2utxPD7bL8qh7d3ej0qvaYIMj3/EgIrGR+tSnjCUkiCT6g6uTC0neSS4JY8LxhdSU/sA==}
    engines: {node: ^20.19.0 || >=22.12.0}
    cpu: [arm64]
    os: [android]

  '@oxc-parser/binding-darwin-arm64@0.121.0':
    resolution: {integrity: sha512-A0jNEvv7QMtCO1yk205t3DWU9sWUjQ2KNF0hSVO5W9R9r/R1BIvzG01UQAfmtC0dQm7sCrs5puixurKSfr2bRQ==}
    engines: {node: ^20.19.0 || >=22.12.0}
    cpu: [arm64]
    os: [darwin]

  '@oxc-parser/binding-darwin-x64@0.121.0':
    resolution: {integrity: sha512-SsHzipdxTKUs3I9EOAPmnIimEeJOemqRlRDOp9LIj+96wtxZejF51gNibmoGq8KoqbT1ssAI5po/E3J+vEtXGA==}
    engines: {node: ^20.19.0 || >=22.12.0}
    cpu: [x64]
    os: [darwin]

  '@oxc-parser/binding-freebsd-x64@0.121.0':
    resolution: {integrity: sha512-v1APOTkCp+RWOIDAHRoaeW/UoaHF15a60E8eUL6kUQXh+i4K7PBwq2Wi7jm8p0ymID5/m/oC1w3W31Z/+r7HQw==}
    engines: {node: ^20.19.0 || >=22.12.0}
    cpu: [x64]
    os: [freebsd]

  '@oxc-parser/binding-linux-arm-gnueabihf@0.121.0':
    resolution: {integrity: sha512-PmqPQuqHZyFVWA4ycr0eu4VnTMmq9laOHZd+8R359w6kzuNZPvmmunmNJ8ybkm769A0nCoVp3TJ6dUz7B3FYIQ==}
    engines: {node: ^20.19.0 || >=22.12.0}
    cpu: [arm]
    os: [linux]

  '@oxc-parser/binding-linux-arm-musleabihf@0.121.0':
    resolution: {integrity: sha512-vF24htj+MOH+Q7y9A8NuC6pUZu8t/C2Fr/kDOi2OcNf28oogr2xadBPXAbml802E8wRAVfbta6YLDQTearz+jw==}
    engines: {node: ^20.19.0 || >=22.12.0}
    cpu: [arm]
    os: [linux]

  '@oxc-parser/binding-linux-arm64-gnu@0.121.0':
    resolution: {integrity: sha512-wjH8cIG2Lu/3d64iZpbYr73hREMgKAfu7fqpXjgM2S16y2zhTfDIp8EQjxO8vlDtKP5Rc7waZW72lh8nZtWrpA==}
    engines: {node: ^20.19.0 || >=22.12.0}
    cpu: [arm64]
    os: [linux]
    libc: [glibc]

  '@oxc-parser/binding-linux-arm64-musl@0.121.0':
    resolution: {integrity: sha512-qT663J/W8yQFw3dtscbEi9LKJevr20V7uWs2MPGTnvNZ3rm8anhhE16gXGpxDOHeg9raySaSHKhd4IGa3YZvuw==}
    engines: {node: ^20.19.0 || >=22.12.0}
    cpu: [arm64]
    os: [linux]
    libc: [musl]

  '@oxc-parser/binding-linux-ppc64-gnu@0.121.0':
    resolution: {integrity: sha512-mYNe4NhVvDBbPkAP8JaVS8lC1dsoJZWH5WCjpw5E+sjhk1R08wt3NnXYUzum7tIiWPfgQxbCMcoxgeemFASbRw==}
    engines: {node: ^20.19.0 || >=22.12.0}
    cpu: [ppc64]
    os: [linux]
    libc: [glibc]

  '@oxc-parser/binding-linux-riscv64-gnu@0.121.0':
    resolution: {integrity: sha512-+QiFoGxhAbaI/amqX567784cDyyuZIpinBrJNxUzb+/L2aBRX67mN6Jv40pqduHf15yYByI+K5gUEygCuv0z9w==}
    engines: {node: ^20.19.0 || >=22.12.0}
    cpu: [riscv64]
    os: [linux]
    libc: [glibc]

  '@oxc-parser/binding-linux-riscv64-musl@0.121.0':
    resolution: {integrity: sha512-9ykEgyTa5JD/Uhv2sttbKnCfl2PieUfOjyxJC/oDL2UO0qtXOtjPLl7H8Kaj5G7p3hIvFgu3YWvAxvE0sqY+hQ==}
    engines: {node: ^20.19.0 || >=22.12.0}
    cpu: [riscv64]
    os: [linux]
    libc: [musl]

  '@oxc-parser/binding-linux-s390x-gnu@0.121.0':
    resolution: {integrity: sha512-DB1EW5VHZdc1lIRjOI3bW/wV6R6y0xlfvdVrqj6kKi7Ayu2U3UqUBdq9KviVkcUGd5Oq+dROqvUEEFRXGAM7EQ==}
    engines: {node: ^20.19.0 || >=22.12.0}
    cpu: [s390x]
    os: [linux]
    libc: [glibc]

  '@oxc-parser/binding-linux-x64-gnu@0.121.0':
    resolution: {integrity: sha512-s4lfobX9p4kPTclvMiH3gcQUd88VlnkMTF6n2MTMDAyX5FPNRhhRSFZK05Ykhf8Zy5NibV4PbGR6DnK7FGNN6A==}
    engines: {node: ^20.19.0 || >=22.12.0}
    cpu: [x64]
    os: [linux]
    libc: [glibc]

  '@oxc-parser/binding-linux-x64-musl@0.121.0':
    resolution: {integrity: sha512-P9KlyTpuBuMi3NRGpJO8MicuGZfOoqZVRP1WjOecwx8yk4L/+mrCRNc5egSi0byhuReblBF2oVoDSMgV9Bj4Hw==}
    engines: {node: ^20.19.0 || >=22.12.0}
    cpu: [x64]
    os: [linux]
    libc: [musl]

  '@oxc-parser/binding-openharmony-arm64@0.121.0':
    resolution: {integrity: sha512-R+4jrWOfF2OAPPhj3Eb3U5CaKNAH9/btMveMULIrcNW/hjfysFQlF8wE0GaVBr81dWz8JLgQlsxwctoL78JwXw==}
    engines: {node: ^20.19.0 || >=22.12.0}
    cpu: [arm64]
    os: [openharmony]

  '@oxc-parser/binding-wasm32-wasi@0.121.0':
    resolution: {integrity: sha512-5TFISkPTymKvsmIlKasPVTPuWxzCcrT8pM+p77+mtQbIZDd1UC8zww4CJcRI46kolmgrEX6QpKO8AvWMVZ+ifw==}
    engines: {node: '>=14.0.0'}
    cpu: [wasm32]

  '@oxc-parser/binding-win32-arm64-msvc@0.121.0':
    resolution: {integrity: sha512-V0pxh4mql4XTt3aiEtRNUeBAUFOw5jzZNxPABLaOKAWrVzSr9+XUaB095lY7jqMf5t8vkfh8NManGB28zanYKw==}
    engines: {node: ^20.19.0 || >=22.12.0}
    cpu: [arm64]
    os: [win32]

  '@oxc-parser/binding-win32-ia32-msvc@0.121.0':
    resolution: {integrity: sha512-4Ob1qvYMPnlF2N9rdmKdkQFdrq16QVcQwBsO8yiPZXof0fHKFF+LmQV501XFbi7lHyrKm8rlJRfQ/M8bZZPVLw==}
    engines: {node: ^20.19.0 || >=22.12.0}
    cpu: [ia32]
    os: [win32]

  '@oxc-parser/binding-win32-x64-msvc@0.121.0':
    resolution: {integrity: sha512-BOp1KCzdboB1tPqoCPXgntgFs0jjeSyOXHzgxVFR7B/qfr3F8r4YDacHkTOUNXtDgM8YwKnkf3rE5gwALYX7NA==}
    engines: {node: ^20.19.0 || >=22.12.0}
    cpu: [x64]
    os: [win32]

  '@oxc-project/types@0.121.0':
    resolution: {integrity: sha512-CGtOARQb9tyv7ECgdAlFxi0Fv7lmzvmlm2rpD/RdijOO9rfk/JvB1CjT8EnoD+tjna/IYgKKw3IV7objRb+aYw==}

  '@oxfmt/binding-android-arm-eabi@0.42.0':
    resolution: {integrity: sha512-dsqPTYsozeokRjlrt/b4E7Pj0z3eS3Eg74TWQuuKbjY4VttBmA88rB7d50Xrd+TZ986qdXCNeZRPEzZHAe+jow==}
    engines: {node: ^20.19.0 || >=22.12.0}
    cpu: [arm]
    os: [android]

  '@oxfmt/binding-android-arm64@0.42.0':
    resolution: {integrity: sha512-t+aAjHxcr5eOBphFHdg1ouQU9qmZZoRxnX7UOJSaTwSoKsb6TYezNKO0YbWytGXCECObRqNcUxPoPr0KaraAIg==}
    engines: {node: ^20.19.0 || >=22.12.0}
    cpu: [arm64]
    os: [android]

  '@oxfmt/binding-darwin-arm64@0.42.0':
    resolution: {integrity: sha512-ulpSEYMKg61C5bRMZinFHrKJYRoKGVbvMEXA5zM1puX3O9T6Q4XXDbft20yrDijpYWeuG59z3Nabt+npeTsM1A==}
    engines: {node: ^20.19.0 || >=22.12.0}
    cpu: [arm64]
    os: [darwin]

  '@oxfmt/binding-darwin-x64@0.42.0':
    resolution: {integrity: sha512-ttxLKhQYPdFiM8I/Ri37cvqChE4Xa562nNOsZFcv1CKTVLeEozXjKuYClNvxkXmNlcF55nzM80P+CQkdFBu+uQ==}
    engines: {node: ^20.19.0 || >=22.12.0}
    cpu: [x64]
    os: [darwin]

  '@oxfmt/binding-freebsd-x64@0.42.0':
    resolution: {integrity: sha512-Og7QS3yI3tdIKYZ58SXik0rADxIk2jmd+/YvuHRyKULWpG4V2fR5V4hvKm624Mc0cQET35waPXiCQWvjQEjwYQ==}
    engines: {node: ^20.19.0 || >=22.12.0}
    cpu: [x64]
    os: [freebsd]

  '@oxfmt/binding-linux-arm-gnueabihf@0.42.0':
    resolution: {integrity: sha512-jwLOw/3CW4H6Vxcry4/buQHk7zm9Ne2YsidzTL1kpiMe4qqrRCwev3dkyWe2YkFmP+iZCQ7zku4KwjcLRoh8ew==}
    engines: {node: ^20.19.0 || >=22.12.0}
    cpu: [arm]
    os: [linux]

  '@oxfmt/binding-linux-arm-musleabihf@0.42.0':
    resolution: {integrity: sha512-XwXu2vkMtiq2h7tfvN+WA/9/5/1IoGAVCFPiiQUvcAuG3efR97KNcRGM8BetmbYouFotQ2bDal3yyjUx6IPsTg==}
    engines: {node: ^20.19.0 || >=22.12.0}
    cpu: [arm]
    os: [linux]

  '@oxfmt/binding-linux-arm64-gnu@0.42.0':
    resolution: {integrity: sha512-ea7s/XUJoT7ENAtUQDudFe3nkSM3e3Qpz4nJFRdzO2wbgXEcjnchKLEsV3+t4ev3r8nWxIYr9NRjPWtnyIFJVA==}
    engines: {node: ^20.19.0 || >=22.12.0}
    cpu: [arm64]
    os: [linux]
    libc: [glibc]

  '@oxfmt/binding-linux-arm64-musl@0.42.0':
    resolution: {integrity: sha512-+JA0YMlSdDqmacygGi2REp57c3fN+tzARD8nwsukx9pkCHK+6DkbAA9ojS4lNKsiBjIW8WWa0pBrBWhdZEqfuw==}
    engines: {node: ^20.19.0 || >=22.12.0}
    cpu: [arm64]
    os: [linux]
    libc: [musl]

  '@oxfmt/binding-linux-ppc64-gnu@0.42.0':
    resolution: {integrity: sha512-VfnET0j4Y5mdfCzh5gBt0NK28lgn5DKx+8WgSMLYYeSooHhohdbzwAStLki9pNuGy51y4I7IoW8bqwAaCMiJQg==}
    engines: {node: ^20.19.0 || >=22.12.0}
    cpu: [ppc64]
    os: [linux]
    libc: [glibc]

  '@oxfmt/binding-linux-riscv64-gnu@0.42.0':
    resolution: {integrity: sha512-gVlCbmBkB0fxBWbhBj9rcxezPydsQHf4MFKeHoTSPicOQ+8oGeTQgQ8EeesSybWeiFPVRx3bgdt4IJnH6nOjAA==}
    engines: {node: ^20.19.0 || >=22.12.0}
    cpu: [riscv64]
    os: [linux]
    libc: [glibc]

  '@oxfmt/binding-linux-riscv64-musl@0.42.0':
    resolution: {integrity: sha512-zN5OfstL0avgt/IgvRu0zjQzVh/EPkcLzs33E9LMAzpqlLWiPWeMDZyMGFlSRGOdDjuNmlZBCgj0pFnK5u32TQ==}
    engines: {node: ^20.19.0 || >=22.12.0}
    cpu: [riscv64]
    os: [linux]
    libc: [musl]

  '@oxfmt/binding-linux-s390x-gnu@0.42.0':
    resolution: {integrity: sha512-9X6+H2L0qMc2sCAgO9HS03bkGLMKvOFjmEdchaFlany3vNZOjnVui//D8k/xZAtQv2vaCs1reD5KAgPoIU4msA==}
    engines: {node: ^20.19.0 || >=22.12.0}
    cpu: [s390x]
    os: [linux]
    libc: [glibc]

  '@oxfmt/binding-linux-x64-gnu@0.42.0':
    resolution: {integrity: sha512-BajxJ6KQvMMdpXGPWhBGyjb2Jvx4uec0w+wi6TJZ6Tv7+MzPwe0pO8g5h1U0jyFgoaF7mDl6yKPW3ykWcbUJRw==}
    engines: {node: ^20.19.0 || >=22.12.0}
    cpu: [x64]
    os: [linux]
    libc: [glibc]

  '@oxfmt/binding-linux-x64-musl@0.42.0':
    resolution: {integrity: sha512-0wV284I6vc5f0AqAhgAbHU2935B4bVpncPoe5n/WzVZY/KnHgqxC8iSFGeSyLWEgstFboIcWkOPck7tqbdHkzA==}
    engines: {node: ^20.19.0 || >=22.12.0}
    cpu: [x64]
    os: [linux]
    libc: [musl]

  '@oxfmt/binding-openharmony-arm64@0.42.0':
    resolution: {integrity: sha512-p4BG6HpGnhfgHk1rzZfyR6zcWkE7iLrWxyehHfXUy4Qa5j3e0roglFOdP/Nj5cJJ58MA3isQ5dlfkW2nNEpolw==}
    engines: {node: ^20.19.0 || >=22.12.0}
    cpu: [arm64]
    os: [openharmony]

  '@oxfmt/binding-win32-arm64-msvc@0.42.0':
    resolution: {integrity: sha512-mn//WV60A+IetORDxYieYGAoQso4KnVRRjORDewMcod4irlRe0OSC7YPhhwaexYNPQz/GCFk+v9iUcZ2W22yxQ==}
    engines: {node: ^20.19.0 || >=22.12.0}
    cpu: [arm64]
    os: [win32]

  '@oxfmt/binding-win32-ia32-msvc@0.42.0':
    resolution: {integrity: sha512-3gWltUrvuz4LPJXWivoAxZ28Of2O4N7OGuM5/X3ubPXCEV8hmgECLZzjz7UYvSDUS3grfdccQwmjynm+51EFpw==}
    engines: {node: ^20.19.0 || >=22.12.0}
    cpu: [ia32]
    os: [win32]

  '@oxfmt/binding-win32-x64-msvc@0.42.0':
    resolution: {integrity: sha512-Wg4TMAfQRL9J9AZevJ/ZNy3uyyDztDYQtGr4P8UyyzIhLhFrdSmz1J/9JT+rv0fiCDLaFOBQnj3f3K3+a5PzDQ==}
    engines: {node: ^20.19.0 || >=22.12.0}
    cpu: [x64]
    os: [win32]

  '@oxlint-tsgolint/darwin-arm64@0.18.1':
    resolution: {integrity: sha512-CxSd15ZwHn70UJFTXVvy76bZ9zwI097cVyjvUFmYRJwvkQF3VnrTf2oe1gomUacErksvtqLgn9OKvZhLMYwvog==}
    cpu: [arm64]
    os: [darwin]

  '@oxlint-tsgolint/darwin-x64@0.18.1':
    resolution: {integrity: sha512-LE7VW/T/VcKhl3Z1ev5BusrxdlQ3DWweSeOB+qpBeur2h8+vCWq+M7tCO29C7lveBDfx1+rNwj4aiUVlA+Qs+g==}
    cpu: [x64]
    os: [darwin]

  '@oxlint-tsgolint/linux-arm64@0.18.1':
    resolution: {integrity: sha512-2AG8YIXVJJbnM0rcsJmzzWOjZXBu5REwowgUpbHZueF7OYM3wR7Xu8pXEpAojEHAtYYZ3X4rpPoetomkJx7kCw==}
    cpu: [arm64]
    os: [linux]

  '@oxlint-tsgolint/linux-x64@0.18.1':
    resolution: {integrity: sha512-f8vDYPEdiwpA2JaDEkadTXfuqIgweQ8zcL4SX75EN2kkW2oAynjN7cd8m86uXDgB0JrcyOywbRtwnXdiIzXn2A==}
    cpu: [x64]
    os: [linux]

  '@oxlint-tsgolint/win32-arm64@0.18.1':
    resolution: {integrity: sha512-fBdML05KMDAL9ebWeoHIzkyI86Eq6r9YH5UDRuXJ9vAIo1EnKo0ti7hLUxNdc2dy2FF/T4k98p5wkkXvLyXqfA==}
    cpu: [arm64]
    os: [win32]

  '@oxlint-tsgolint/win32-x64@0.18.1':
    resolution: {integrity: sha512-cYZMhNrsq9ZZ3OUWHyawqiS+c8HfieYG0zuZP2LbEuWWPfdZM/22iAlo608J+27G1s9RXQhvgX6VekwWbXbD7A==}
    cpu: [x64]
    os: [win32]

  '@oxlint/binding-android-arm-eabi@1.57.0':
    resolution: {integrity: sha512-C7EiyfAJG4B70496eV543nKiq5cH0o/xIh/ufbjQz3SIvHhlDDsyn+mRFh+aW8KskTyUpyH2LGWL8p2oN6bl1A==}
    engines: {node: ^20.19.0 || >=22.12.0}
    cpu: [arm]
    os: [android]

  '@oxlint/binding-android-arm64@1.57.0':
    resolution: {integrity: sha512-9i80AresjZ/FZf5xK8tKFbhQnijD4s1eOZw6/FHUwD59HEZbVLRc2C88ADYJfLZrF5XofWDiRX/Ja9KefCLy7w==}
    engines: {node: ^20.19.0 || >=22.12.0}
    cpu: [arm64]
    os: [android]

  '@oxlint/binding-darwin-arm64@1.57.0':
    resolution: {integrity: sha512-0eUfhRz5L2yKa9I8k3qpyl37XK3oBS5BvrgdVIx599WZK63P8sMbg+0s4IuxmIiZuBK68Ek+Z+gcKgeYf0otsg==}
    engines: {node: ^20.19.0 || >=22.12.0}
    cpu: [arm64]
    os: [darwin]

  '@oxlint/binding-darwin-x64@1.57.0':
    resolution: {integrity: sha512-UvrSuzBaYOue+QMAcuDITe0k/Vhj6KZGjfnI6x+NkxBTke/VoM7ZisaxgNY0LWuBkTnd1OmeQfEQdQ48fRjkQg==}
    engines: {node: ^20.19.0 || >=22.12.0}
    cpu: [x64]
    os: [darwin]

  '@oxlint/binding-freebsd-x64@1.57.0':
    resolution: {integrity: sha512-wtQq0dCoiw4bUwlsNVDJJ3pxJA218fOezpgtLKrbQqUtQJcM9yP8z+I9fu14aHg0uyAxIY+99toL6uBa2r7nxA==}
    engines: {node: ^20.19.0 || >=22.12.0}
    cpu: [x64]
    os: [freebsd]

  '@oxlint/binding-linux-arm-gnueabihf@1.57.0':
    resolution: {integrity: sha512-qxFWl2BBBFcT4djKa+OtMdnLgoHEJXpqjyGwz8OhW35ImoCwR5qtAGqApNYce5260FQqoAHW8S8eZTjiX67Tsg==}
    engines: {node: ^20.19.0 || >=22.12.0}
    cpu: [arm]
    os: [linux]

  '@oxlint/binding-linux-arm-musleabihf@1.57.0':
    resolution: {integrity: sha512-SQoIsBU7J0bDW15/f0/RvxHfY3Y0+eB/caKBQtNFbuerTiA6JCYx9P1MrrFTwY2dTm/lMgTSgskvCEYk2AtG/Q==}
    engines: {node: ^20.19.0 || >=22.12.0}
    cpu: [arm]
    os: [linux]

  '@oxlint/binding-linux-arm64-gnu@1.57.0':
    resolution: {integrity: sha512-jqxYd1W6WMeozsCmqe9Rzbu3SRrGTyGDAipRlRggetyYbUksJqJKvUNTQtZR/KFoJPb+grnSm5SHhdWrywv3RQ==}
    engines: {node: ^20.19.0 || >=22.12.0}
    cpu: [arm64]
    os: [linux]
    libc: [glibc]

  '@oxlint/binding-linux-arm64-musl@1.57.0':
    resolution: {integrity: sha512-i66WyEPVEvq9bxRUCJ/MP5EBfnTDN3nhwEdFZFTO5MmLLvzngfWEG3NSdXQzTT3vk5B9i6C2XSIYBh+aG6uqyg==}
    engines: {node: ^20.19.0 || >=22.12.0}
    cpu: [arm64]
    os: [linux]
    libc: [musl]

  '@oxlint/binding-linux-ppc64-gnu@1.57.0':
    resolution: {integrity: sha512-oMZDCwz4NobclZU3pH+V1/upVlJZiZvne4jQP+zhJwt+lmio4XXr4qG47CehvrW1Lx2YZiIHuxM2D4YpkG3KVA==}
    engines: {node: ^20.19.0 || >=22.12.0}
    cpu: [ppc64]
    os: [linux]
    libc: [glibc]

  '@oxlint/binding-linux-riscv64-gnu@1.57.0':
    resolution: {integrity: sha512-uoBnjJ3MMEBbfnWC1jSFr7/nSCkcQYa72NYoNtLl1imshDnWSolYCjzb8LVCwYCCfLJXD+0gBLD7fyC14c0+0g==}
    engines: {node: ^20.19.0 || >=22.12.0}
    cpu: [riscv64]
    os: [linux]
    libc: [glibc]

  '@oxlint/binding-linux-riscv64-musl@1.57.0':
    resolution: {integrity: sha512-BdrwD7haPZ8a9KrZhKJRSj6jwCor+Z8tHFZ3PT89Y3Jq5v3LfMfEePeAmD0LOTWpiTmzSzdmyw9ijneapiVHKQ==}
    engines: {node: ^20.19.0 || >=22.12.0}
    cpu: [riscv64]
    os: [linux]
    libc: [musl]

  '@oxlint/binding-linux-s390x-gnu@1.57.0':
    resolution: {integrity: sha512-BNs+7ZNsRstVg2tpNxAXfMX/Iv5oZh204dVyb8Z37+/gCh+yZqNTlg6YwCLIMPSk5wLWIGOaQjT0GUOahKYImw==}
    engines: {node: ^20.19.0 || >=22.12.0}
    cpu: [s390x]
    os: [linux]
    libc: [glibc]

  '@oxlint/binding-linux-x64-gnu@1.57.0':
    resolution: {integrity: sha512-AghS18w+XcENcAX0+BQGLiqjpqpaxKJa4cWWP0OWNLacs27vHBxu7TYkv9LUSGe5w8lOJHeMxcYfZNOAPqw2bg==}
    engines: {node: ^20.19.0 || >=22.12.0}
    cpu: [x64]
    os: [linux]
    libc: [glibc]

  '@oxlint/binding-linux-x64-musl@1.57.0':
    resolution: {integrity: sha512-E/FV3GB8phu/Rpkhz5T96hAiJlGzn91qX5yj5gU754P5cmVGXY1Jw/VSjDSlZBCY3VHjsVLdzgdkJaomEmcNOg==}
    engines: {node: ^20.19.0 || >=22.12.0}
    cpu: [x64]
    os: [linux]
    libc: [musl]

  '@oxlint/binding-openharmony-arm64@1.57.0':
    resolution: {integrity: sha512-xvZ2yZt0nUVfU14iuGv3V25jpr9pov5N0Wr28RXnHFxHCRxNDMtYPHV61gGLhN9IlXM96gI4pyYpLSJC5ClLCQ==}
    engines: {node: ^20.19.0 || >=22.12.0}
    cpu: [arm64]
    os: [openharmony]

  '@oxlint/binding-win32-arm64-msvc@1.57.0':
    resolution: {integrity: sha512-Z4D8Pd0AyHBKeazhdIXeUUy5sIS3Mo0veOlzlDECg6PhRRKgEsBJCCV1n+keUZtQ04OP+i7+itS3kOykUyNhDg==}
    engines: {node: ^20.19.0 || >=22.12.0}
    cpu: [arm64]
    os: [win32]

  '@oxlint/binding-win32-ia32-msvc@1.57.0':
    resolution: {integrity: sha512-StOZ9nFMVKvevicbQfql6Pouu9pgbeQnu60Fvhz2S6yfMaii+wnueLnqQ5I1JPgNF0Syew4voBlAaHD13wH6tw==}
    engines: {node: ^20.19.0 || >=22.12.0}
    cpu: [ia32]
    os: [win32]

  '@oxlint/binding-win32-x64-msvc@1.57.0':
    resolution: {integrity: sha512-6PuxhYgth8TuW0+ABPOIkGdBYw+qYGxgIdXPHSVpiCDm+hqTTWCmC739St1Xni0DJBt8HnSHTG67i1y6gr8qrA==}
    engines: {node: ^20.19.0 || >=22.12.0}
    cpu: [x64]
    os: [win32]

  '@tybys/wasm-util@0.10.1':
    resolution: {integrity: sha512-9tTaPJLSiejZKx+Bmog4uSubteqTvFrVrURwkmHixBo0G4seD0zUxp98E1DzUBJxLQ3NPwXrGKDiVjwx/DpPsg==}

  '@types/node@25.5.0':
    resolution: {integrity: sha512-jp2P3tQMSxWugkCUKLRPVUpGaL5MVFwF8RDuSRztfwgN1wmqJeMSbKlnEtQqU8UrhTmzEmZdu2I6v2dpp7XIxw==}

  oxc-parser@0.121.0:
    resolution: {integrity: sha512-ek9o58+SCv6AV7nchiAcUJy1DNE2CC5WRdBcO0mF+W4oRjNQfPO7b3pLjTHSFECpHkKGOZSQxx3hk8viIL5YCg==}
    engines: {node: ^20.19.0 || >=22.12.0}

  oxfmt@0.42.0:
    resolution: {integrity: sha512-QhejGErLSMReNuZ6vxgFHDyGoPbjTRNi6uGHjy0cvIjOQFqD6xmr/T+3L41ixR3NIgzcNiJ6ylQKpvShTgDfqg==}
    engines: {node: ^20.19.0 || >=22.12.0}
    hasBin: true

  oxlint-tsgolint@0.18.1:
    resolution: {integrity: sha512-Hgb0wMfuXBYL0ddY+1hAG8IIfC40ADwPnBuUaC6ENAuCtTF4dHwsy7mCYtQ2e7LoGvfoSJRY0+kqQRiembJ/jQ==}
    hasBin: true

  oxlint@1.57.0:
    resolution: {integrity: sha512-DGFsuBX5MFZX9yiDdtKjTrYPq45CZ8Fft6qCltJITYZxfwYjVdGf/6wycGYTACloauwIPxUnYhBVeZbHvleGhw==}
    engines: {node: ^20.19.0 || >=22.12.0}
    hasBin: true
    peerDependencies:
      oxlint-tsgolint: '>=0.15.0'
    peerDependenciesMeta:
      oxlint-tsgolint:
        optional: true

  tinypool@2.1.0:
    resolution: {integrity: sha512-Pugqs6M0m7Lv1I7FtxN4aoyToKg1C4tu+/381vH35y8oENM/Ai7f7C4StcoK4/+BSw9ebcS8jRiVrORFKCALLw==}
    engines: {node: ^20.0.0 || >=22.0.0}

  tslib@2.8.1:
    resolution: {integrity: sha512-oJFu94HQb+KVduSUQL7wnpmqnfmLsOA/nAh6b6EH0wCEoK0/mPeXU6c3wKDV83MkOuHPRHtSXKKU99IBazS/2w==}

  undici-types@7.18.2:
    resolution: {integrity: sha512-AsuCzffGHJybSaRrmr5eHr81mwJU3kjw6M+uprWvCXiNeN9SOGwQ3Jn8jb8m3Z6izVgknn1R0FTCEAP2QrLY/w==}

snapshots:

  '@emnapi/core@1.9.1':
    dependencies:
      '@emnapi/wasi-threads': 1.2.0
      tslib: 2.8.1
    optional: true

  '@emnapi/runtime@1.9.1':
    dependencies:
      tslib: 2.8.1
    optional: true

  '@emnapi/wasi-threads@1.2.0':
    dependencies:
      tslib: 2.8.1
    optional: true

  '@napi-rs/wasm-runtime@1.1.2(@emnapi/core@1.9.1)(@emnapi/runtime@1.9.1)':
    dependencies:
      '@emnapi/core': 1.9.1
      '@emnapi/runtime': 1.9.1
      '@tybys/wasm-util': 0.10.1
    optional: true

  '@oxc-parser/binding-android-arm-eabi@0.121.0':
    optional: true

  '@oxc-parser/binding-android-arm64@0.121.0':
    optional: true

  '@oxc-parser/binding-darwin-arm64@0.121.0':
    optional: true

  '@oxc-parser/binding-darwin-x64@0.121.0':
    optional: true

  '@oxc-parser/binding-freebsd-x64@0.121.0':
    optional: true

  '@oxc-parser/binding-linux-arm-gnueabihf@0.121.0':
    optional: true

  '@oxc-parser/binding-linux-arm-musleabihf@0.121.0':
    optional: true

  '@oxc-parser/binding-linux-arm64-gnu@0.121.0':
    optional: true

  '@oxc-parser/binding-linux-arm64-musl@0.121.0':
    optional: true

  '@oxc-parser/binding-linux-ppc64-gnu@0.121.0':
    optional: true

  '@oxc-parser/binding-linux-riscv64-gnu@0.121.0':
    optional: true

  '@oxc-parser/binding-linux-riscv64-musl@0.121.0':
    optional: true

  '@oxc-parser/binding-linux-s390x-gnu@0.121.0':
    optional: true

  '@oxc-parser/binding-linux-x64-gnu@0.121.0':
    optional: true

  '@oxc-parser/binding-linux-x64-musl@0.121.0':
    optional: true

  '@oxc-parser/binding-openharmony-arm64@0.121.0':
    optional: true

  '@oxc-parser/binding-wasm32-wasi@0.121.0(@emnapi/core@1.9.1)(@emnapi/runtime@1.9.1)':
    dependencies:
      '@napi-rs/wasm-runtime': 1.1.2(@emnapi/core@1.9.1)(@emnapi/runtime@1.9.1)
    transitivePeerDependencies:
      - '@emnapi/core'
      - '@emnapi/runtime'
    optional: true

  '@oxc-parser/binding-win32-arm64-msvc@0.121.0':
    optional: true

  '@oxc-parser/binding-win32-ia32-msvc@0.121.0':
    optional: true

  '@oxc-parser/binding-win32-x64-msvc@0.121.0':
    optional: true

  '@oxc-project/types@0.121.0': {}

  '@oxfmt/binding-android-arm-eabi@0.42.0':
    optional: true

  '@oxfmt/binding-android-arm64@0.42.0':
    optional: true

  '@oxfmt/binding-darwin-arm64@0.42.0':
    optional: true

  '@oxfmt/binding-darwin-x64@0.42.0':
    optional: true

  '@oxfmt/binding-freebsd-x64@0.42.0':
    optional: true

  '@oxfmt/binding-linux-arm-gnueabihf@0.42.0':
    optional: true

  '@oxfmt/binding-linux-arm-musleabihf@0.42.0':
    optional: true

  '@oxfmt/binding-linux-arm64-gnu@0.42.0':
    optional: true

  '@oxfmt/binding-linux-arm64-musl@0.42.0':
    optional: true

  '@oxfmt/binding-linux-ppc64-gnu@0.42.0':
    optional: true

  '@oxfmt/binding-linux-riscv64-gnu@0.42.0':
    optional: true

  '@oxfmt/binding-linux-riscv64-musl@0.42.0':
    optional: true

  '@oxfmt/binding-linux-s390x-gnu@0.42.0':
    optional: true

  '@oxfmt/binding-linux-x64-gnu@0.42.0':
    optional: true

  '@oxfmt/binding-linux-x64-musl@0.42.0':
    optional: true

  '@oxfmt/binding-openharmony-arm64@0.42.0':
    optional: true

  '@oxfmt/binding-win32-arm64-msvc@0.42.0':
    optional: true

  '@oxfmt/binding-win32-ia32-msvc@0.42.0':
    optional: true

  '@oxfmt/binding-win32-x64-msvc@0.42.0':
    optional: true

  '@oxlint-tsgolint/darwin-arm64@0.18.1':
    optional: true

  '@oxlint-tsgolint/darwin-x64@0.18.1':
    optional: true

  '@oxlint-tsgolint/linux-arm64@0.18.1':
    optional: true

  '@oxlint-tsgolint/linux-x64@0.18.1':
    optional: true

  '@oxlint-tsgolint/win32-arm64@0.18.1':
    optional: true

  '@oxlint-tsgolint/win32-x64@0.18.1':
    optional: true

  '@oxlint/binding-android-arm-eabi@1.57.0':
    optional: true

  '@oxlint/binding-android-arm64@1.57.0':
    optional: true

  '@oxlint/binding-darwin-arm64@1.57.0':
    optional: true

  '@oxlint/binding-darwin-x64@1.57.0':
    optional: true

  '@oxlint/binding-freebsd-x64@1.57.0':
    optional: true

  '@oxlint/binding-linux-arm-gnueabihf@1.57.0':
    optional: true

  '@oxlint/binding-linux-arm-musleabihf@1.57.0':
    optional: true

  '@oxlint/binding-linux-arm64-gnu@1.57.0':
    optional: true

  '@oxlint/binding-linux-arm64-musl@1.57.0':
    optional: true

  '@oxlint/binding-linux-ppc64-gnu@1.57.0':
    optional: true

  '@oxlint/binding-linux-riscv64-gnu@1.57.0':
    optional: true

  '@oxlint/binding-linux-riscv64-musl@1.57.0':
    optional: true

  '@oxlint/binding-linux-s390x-gnu@1.57.0':
    optional: true

  '@oxlint/binding-linux-x64-gnu@1.57.0':
    optional: true

  '@oxlint/binding-linux-x64-musl@1.57.0':
    optional: true

  '@oxlint/binding-openharmony-arm64@1.57.0':
    optional: true

  '@oxlint/binding-win32-arm64-msvc@1.57.0':
    optional: true

  '@oxlint/binding-win32-ia32-msvc@1.57.0':
    optional: true

  '@oxlint/binding-win32-x64-msvc@1.57.0':
    optional: true

  '@tybys/wasm-util@0.10.1':
    dependencies:
      tslib: 2.8.1
    optional: true

  '@types/node@25.5.0':
    dependencies:
      undici-types: 7.18.2

  oxc-parser@0.121.0(@emnapi/core@1.9.1)(@emnapi/runtime@1.9.1):
    dependencies:
      '@oxc-project/types': 0.121.0
    optionalDependencies:
      '@oxc-parser/binding-android-arm-eabi': 0.121.0
      '@oxc-parser/binding-android-arm64': 0.121.0
      '@oxc-parser/binding-darwin-arm64': 0.121.0
      '@oxc-parser/binding-darwin-x64': 0.121.0
      '@oxc-parser/binding-freebsd-x64': 0.121.0
      '@oxc-parser/binding-linux-arm-gnueabihf': 0.121.0
      '@oxc-parser/binding-linux-arm-musleabihf': 0.121.0
      '@oxc-parser/binding-linux-arm64-gnu': 0.121.0
      '@oxc-parser/binding-linux-arm64-musl': 0.121.0
      '@oxc-parser/binding-linux-ppc64-gnu': 0.121.0
      '@oxc-parser/binding-linux-riscv64-gnu': 0.121.0
      '@oxc-parser/binding-linux-riscv64-musl': 0.121.0
      '@oxc-parser/binding-linux-s390x-gnu': 0.121.0
      '@oxc-parser/binding-linux-x64-gnu': 0.121.0
      '@oxc-parser/binding-linux-x64-musl': 0.121.0
      '@oxc-parser/binding-openharmony-arm64': 0.121.0
      '@oxc-parser/binding-wasm32-wasi': 0.121.0(@emnapi/core@1.9.1)(@emnapi/runtime@1.9.1)
      '@oxc-parser/binding-win32-arm64-msvc': 0.121.0
      '@oxc-parser/binding-win32-ia32-msvc': 0.121.0
      '@oxc-parser/binding-win32-x64-msvc': 0.121.0
    transitivePeerDependencies:
      - '@emnapi/core'
      - '@emnapi/runtime'

  oxfmt@0.42.0:
    dependencies:
      tinypool: 2.1.0
    optionalDependencies:
      '@oxfmt/binding-android-arm-eabi': 0.42.0
      '@oxfmt/binding-android-arm64': 0.42.0
      '@oxfmt/binding-darwin-arm64': 0.42.0
      '@oxfmt/binding-darwin-x64': 0.42.0
      '@oxfmt/binding-freebsd-x64': 0.42.0
      '@oxfmt/binding-linux-arm-gnueabihf': 0.42.0
      '@oxfmt/binding-linux-arm-musleabihf': 0.42.0
      '@oxfmt/binding-linux-arm64-gnu': 0.42.0
      '@oxfmt/binding-linux-arm64-musl': 0.42.0
      '@oxfmt/binding-linux-ppc64-gnu': 0.42.0
      '@oxfmt/binding-linux-riscv64-gnu': 0.42.0
      '@oxfmt/binding-linux-riscv64-musl': 0.42.0
      '@oxfmt/binding-linux-s390x-gnu': 0.42.0
      '@oxfmt/binding-linux-x64-gnu': 0.42.0
      '@oxfmt/binding-linux-x64-musl': 0.42.0
      '@oxfmt/binding-openharmony-arm64': 0.42.0
      '@oxfmt/binding-win32-arm64-msvc': 0.42.0
      '@oxfmt/binding-win32-ia32-msvc': 0.42.0
      '@oxfmt/binding-win32-x64-msvc': 0.42.0

  oxlint-tsgolint@0.18.1:
    optionalDependencies:
      '@oxlint-tsgolint/darwin-arm64': 0.18.1
      '@oxlint-tsgolint/darwin-x64': 0.18.1
      '@oxlint-tsgolint/linux-arm64': 0.18.1
      '@oxlint-tsgolint/linux-x64': 0.18.1
      '@oxlint-tsgolint/win32-arm64': 0.18.1
      '@oxlint-tsgolint/win32-x64': 0.18.1

  oxlint@1.57.0(oxlint-tsgolint@0.18.1):
    optionalDependencies:
      '@oxlint/binding-android-arm-eabi': 1.57.0
      '@oxlint/binding-android-arm64': 1.57.0
      '@oxlint/binding-darwin-arm64': 1.57.0
      '@oxlint/binding-darwin-x64': 1.57.0
      '@oxlint/binding-freebsd-x64': 1.57.0
      '@oxlint/binding-linux-arm-gnueabihf': 1.57.0
      '@oxlint/binding-linux-arm-musleabihf': 1.57.0
      '@oxlint/binding-linux-arm64-gnu': 1.57.0
      '@oxlint/binding-linux-arm64-musl': 1.57.0
      '@oxlint/binding-linux-ppc64-gnu': 1.57.0
      '@oxlint/binding-linux-riscv64-gnu': 1.57.0
      '@oxlint/binding-linux-riscv64-musl': 1.57.0
      '@oxlint/binding-linux-s390x-gnu': 1.57.0
      '@oxlint/binding-linux-x64-gnu': 1.57.0
      '@oxlint/binding-linux-x64-musl': 1.57.0
      '@oxlint/binding-openharmony-arm64': 1.57.0
      '@oxlint/binding-win32-arm64-msvc': 1.57.0
      '@oxlint/binding-win32-ia32-msvc': 1.57.0
      '@oxlint/binding-win32-x64-msvc': 1.57.0
      oxlint-tsgolint: 0.18.1

  tinypool@2.1.0: {}

  tslib@2.8.1:
    optional: true

  undici-types@7.18.2: {}
